
Microsoft Visual Studio Solution File, Format Version 12.00
# Visual Studio 15
VisualStudioVersion = 15.0.28307.1300
MinimumVisualStudioVersion = 10.0.40219.1
Project("{FAE04EC0-301F-11D3-BF4B-00C04F79EFBC}") = "ProductReviewManagement", "ProductReviewManagement\ProductReviewManagement.csproj", "{F3FB2147-9700-4FEB-96C3-456980595AD3}"
EndProject
Global
	GlobalSection(SolutionConfigurationPlatforms) = preSolution
		Debug|Any CPU = Debug|Any CPU
		Release|Any CPU = Release|Any CPU
	EndGlobalSection
	GlobalSection(ProjectConfigurationPlatforms) = postSolution
		{F3FB2147-9700-4FEB-96C3-456980595AD3}.Debug|Any CPU.ActiveCfg = Debug|Any CPU
		{F3FB2147-9700-4FEB-96C3-456980595AD3}.Debug|Any CPU.Build.0 = Debug|Any CPU
		{F3FB2147-9700-4FEB-96C3-456980595AD3}.Release|Any CPU.ActiveCfg = Release|Any CPU
		{F3FB2147-9700-4FEB-96C3-456980595AD3}.Release|Any CPU.Build.0 = Release|Any CPU
	EndGlobalSection
	GlobalSection(SolutionProperties) = preSolution
		HideSolutionNode = FALSE
	EndGlobalSection
	GlobalSection(ExtensibilityGlobals) = postSolution
		SolutionGuid = {8B548AD3-D3A0-4A7A-8C15-653BEEAD373A}
	EndGlobalSection
EndGlobal
